
Microsoft Visual Studio Solution File, Format Version 12.00
# Visual Studio Version 16
VisualStudioVersion = 16.0.30804.86
MinimumVisualStudioVersion = 10.0.40219.1
Project("{FAE04EC0-301F-11D3-BF4B-00C04F79EFBC}") = "Astropix", "Astropix\Astropix.csproj", "{B383891A-6745-41BA-8FE6-7F5A0E822AEF}"
EndProject
Global
	GlobalSection(SolutionConfigurationPlatforms) = preSolution
		Debug|Any CPU = Debug|Any CPU
		Release|Any CPU = Release|Any CPU
	EndGlobalSection
	GlobalSection(ProjectConfigurationPlatforms) = postSolution
		{B383891A-6745-41BA-8FE6-7F5A0E822AEF}.Debug|Any CPU.ActiveCfg = Debug|Any CPU
		{B383891A-6745-41BA-8FE6-7F5A0E822AEF}.Debug|Any CPU.Build.0 = Debug|Any CPU
		{B383891A-6745-41BA-8FE6-7F5A0E822AEF}.Release|Any CPU.ActiveCfg = Release|Any CPU
		{B383891A-6745-41BA-8FE6-7F5A0E822AEF}.Release|Any CPU.Build.0 = Release|Any CPU
	EndGlobalSection
	GlobalSection(SolutionProperties) = preSolution
		HideSolutionNode = FALSE
	EndGlobalSection
	GlobalSection(ExtensibilityGlobals) = postSolution
		SolutionGuid = {F082E218-F0A8-4BFE-AB40-A753D92D9F1D}
	EndGlobalSection
EndGlobal
